<?xml version="1.0" encoding="utf-8"?>
<Project ToolsVersion="4.0" xmlns="http://schemas.microsoft.com/developer/msbuild/2003">
  <ItemGroup>
    <Filter Include="inc">
      <UniqueIdentifier>{9385b6f9-0df8-4a54-b694-d5f019bcbe04}</UniqueIdentifier>
    </Filter>
    <Filter Include="src">
      <UniqueIdentifier>{77c5ee1d-770f-4d22-9352-b813844c5357}</UniqueIdentifier>
    </Filter>
  </ItemGroup>
  <ItemGroup>
    <ClCompile Include="src\main.cpp">
      <Filter>src</Filter>
    </ClCompile>
    <ClCompile Include="src\TestSchd.cpp">
      <Filter>src</Filter>
    </ClCompile>
  </ItemGroup>
  <ItemGroup>
    <ClInclude Include="inc\TestSchd.h">
      <Filter>inc</Filter>
    </ClInclude>
    <ClInclude Include="inc\TestsDef.h">
      <Filter>inc</Filter>
    </ClInclude>
  </ItemGroup>
</Project>