<?xml version="1.0" encoding="utf-8"?>
<Project ToolsVersion="4.0" xmlns="http://schemas.microsoft.com/developer/msbuild/2003">
  <ItemGroup>
    <Filter Include="inc">
      <UniqueIdentifier>{a81674fd-9c68-433d-bc34-89c9bafcf572}</UniqueIdentifier>
    </Filter>
    <Filter Include="src">
      <UniqueIdentifier>{0b87c66c-0d4e-4fe1-a9ca-57ec4215d302}</UniqueIdentifier>
    </Filter>
    <Filter Include="sdk_inc">
      <UniqueIdentifier>{f75082d6-76a5-4079-aade-dc1b8ccd468c}</UniqueIdentifier>
    </Filter>
  </ItemGroup>
  <ItemGroup>
    <ClInclude Include="..\..\..\sdk\dbmain.h">
      <Filter>sdk_inc</Filter>
    </ClInclude>
    <ClInclude Include="inc\dbobji.h">
      <Filter>inc</Filter>
    </ClInclude>
    <ClInclude Include="..\..\..\sdk\acdbport.h">
      <Filter>sdk_inc</Filter>
    </ClInclude>
    <ClInclude Include="inc\dbsymreci.h">
      <Filter>inc</Filter>
    </ClInclude>
    <ClInclude Include="..\..\..\sdk\dbsymtb.h">
      <Filter>sdk_inc</Filter>
    </ClInclude>
    <ClInclude Include="..\..\..\sdk\dbidmap.h">
      <Filter>sdk_inc</Filter>
    </ClInclude>
  </ItemGroup>
  <ItemGroup>
    <ClCompile Include="src\dbobji.cpp">
      <Filter>src</Filter>
    </ClCompile>
    <ClCompile Include="src\dbsymreci.cpp">
      <Filter>src</Filter>
    </ClCompile>
  </ItemGroup>
</Project>