<?xml version="1.0" encoding="utf-8"?>
<Project ToolsVersion="4.0" xmlns="http://schemas.microsoft.com/developer/msbuild/2003">
  <ItemGroup>
    <Filter Include="inc">
      <UniqueIdentifier>{a81674fd-9c68-433d-bc34-89c9bafcf572}</UniqueIdentifier>
    </Filter>
    <Filter Include="src">
      <UniqueIdentifier>{0b87c66c-0d4e-4fe1-a9ca-57ec4215d302}</UniqueIdentifier>
    </Filter>
    <Filter Include="sdk_inc">
      <UniqueIdentifier>{f75082d6-76a5-4079-aade-dc1b8ccd468c}</UniqueIdentifier>
    </Filter>
    <Filter Include="inc\lzo">
      <UniqueIdentifier>{6887e842-dcf0-4fd1-99cc-6c43a39b6ea4}</UniqueIdentifier>
    </Filter>
  </ItemGroup>
  <ItemGroup>
    <ClInclude Include="..\..\..\sdk\dbmain.h">
      <Filter>sdk_inc</Filter>
    </ClInclude>
    <ClInclude Include="inc\dbobji.h">
      <Filter>inc</Filter>
    </ClInclude>
    <ClInclude Include="..\..\..\sdk\acdbport.h">
      <Filter>sdk_inc</Filter>
    </ClInclude>
    <ClInclude Include="inc\dbsymreci.h">
      <Filter>inc</Filter>
    </ClInclude>
    <ClInclude Include="..\..\..\sdk\dbsymtb.h">
      <Filter>sdk_inc</Filter>
    </ClInclude>
    <ClInclude Include="..\..\..\sdk\dbidmap.h">
      <Filter>sdk_inc</Filter>
    </ClInclude>
    <ClInclude Include="inc\dbdbi.h">
      <Filter>inc</Filter>
    </ClInclude>
    <ClInclude Include="inc\dblocki.h">
      <Filter>inc</Filter>
    </ClInclude>
    <ClInclude Include="..\..\..\sdk\dbhandle.h">
      <Filter>sdk_inc</Filter>
    </ClInclude>
    <ClInclude Include="..\..\..\sdk\dbid.h">
      <Filter>sdk_inc</Filter>
    </ClInclude>
    <ClInclude Include="inc\dbHandleTable.h">
      <Filter>inc</Filter>
    </ClInclude>
    <ClInclude Include="inc\dbSysInternals.h">
      <Filter>inc</Filter>
    </ClInclude>
    <ClInclude Include="inc\dbheader.h">
      <Filter>inc</Filter>
    </ClInclude>
    <ClInclude Include="inc\dbstub.h">
      <Filter>inc</Filter>
    </ClInclude>
    <ClInclude Include="..\..\..\sdk\dbdimvar.h">
      <Filter>sdk_inc</Filter>
    </ClInclude>
    <ClInclude Include="inc\dbDimVarDef.h">
      <Filter>inc</Filter>
    </ClInclude>
    <ClInclude Include="..\..\..\sdk\acutmem.h">
      <Filter>sdk_inc</Filter>
    </ClInclude>
    <ClInclude Include="..\..\..\sdk\acadstrc.h">
      <Filter>sdk_inc</Filter>
    </ClInclude>
    <ClInclude Include="..\..\..\sdk\dbapserv.h">
      <Filter>sdk_inc</Filter>
    </ClInclude>
    <ClInclude Include="inc\dwgFileInt.h">
      <Filter>inc</Filter>
    </ClInclude>
    <ClInclude Include="..\..\..\sdk\codepgid.h">
      <Filter>sdk_inc</Filter>
    </ClInclude>
    <ClInclude Include="..\..\..\sdk\dbsecurity.h">
      <Filter>sdk_inc</Filter>
    </ClInclude>
    <ClInclude Include="inc\dwgFileImpBase.h">
      <Filter>inc</Filter>
    </ClInclude>
    <ClInclude Include="inc\dbOpenSaveGlobal.h">
      <Filter>inc</Filter>
    </ClInclude>
    <ClInclude Include="inc\dbutil.h">
      <Filter>inc</Filter>
    </ClInclude>
    <ClInclude Include="inc\dbGlobals.h">
      <Filter>inc</Filter>
    </ClInclude>
    <ClInclude Include="inc\dwgFileInti.h">
      <Filter>inc</Filter>
    </ClInclude>
    <ClInclude Include="inc\dwgFileIntAcFs.h">
      <Filter>inc</Filter>
    </ClInclude>
    <ClInclude Include="inc\acfs.h">
      <Filter>inc</Filter>
    </ClInclude>
    <ClInclude Include="inc\acfsi.h">
      <Filter>inc</Filter>
    </ClInclude>
    <ClInclude Include="inc\acfs6.h">
      <Filter>inc</Filter>
    </ClInclude>
    <ClInclude Include="inc\acfsglobal.h">
      <Filter>inc</Filter>
    </ClInclude>
    <ClInclude Include="inc\acfsmheader.h">
      <Filter>inc</Filter>
    </ClInclude>
    <ClInclude Include="inc\acfsfheader.h">
      <Filter>inc</Filter>
    </ClInclude>
    <ClInclude Include="..\..\..\sdk\dbfiler.h">
      <Filter>sdk_inc</Filter>
    </ClInclude>
    <ClInclude Include="inc\dbfastfiler.h">
      <Filter>inc</Filter>
    </ClInclude>
    <ClInclude Include="inc\acfsstream.h">
      <Filter>inc</Filter>
    </ClInclude>
    <ClInclude Include="inc\dbfilerctrl.h">
      <Filter>inc</Filter>
    </ClInclude>
    <ClInclude Include="inc\acfsheap.h">
      <Filter>inc</Filter>
    </ClInclude>
    <ClInclude Include="inc\acfsglobalmem.h">
      <Filter>inc</Filter>
    </ClInclude>
    <ClInclude Include="inc\acfsistream.h">
      <Filter>inc</Filter>
    </ClInclude>
    <ClInclude Include="..\..\..\3rdparty\lzo-2.10\include\lzo\lzo_asm.h">
      <Filter>inc\lzo</Filter>
    </ClInclude>
    <ClInclude Include="..\..\..\3rdparty\lzo-2.10\include\lzo\lzo1.h">
      <Filter>inc\lzo</Filter>
    </ClInclude>
    <ClInclude Include="..\..\..\3rdparty\lzo-2.10\include\lzo\lzo1a.h">
      <Filter>inc\lzo</Filter>
    </ClInclude>
    <ClInclude Include="..\..\..\3rdparty\lzo-2.10\include\lzo\lzo1b.h">
      <Filter>inc\lzo</Filter>
    </ClInclude>
    <ClInclude Include="..\..\..\3rdparty\lzo-2.10\include\lzo\lzo1c.h">
      <Filter>inc\lzo</Filter>
    </ClInclude>
    <ClInclude Include="..\..\..\3rdparty\lzo-2.10\include\lzo\lzo1f.h">
      <Filter>inc\lzo</Filter>
    </ClInclude>
    <ClInclude Include="..\..\..\3rdparty\lzo-2.10\include\lzo\lzo1x.h">
      <Filter>inc\lzo</Filter>
    </ClInclude>
    <ClInclude Include="..\..\..\3rdparty\lzo-2.10\include\lzo\lzo1y.h">
      <Filter>inc\lzo</Filter>
    </ClInclude>
    <ClInclude Include="..\..\..\3rdparty\lzo-2.10\include\lzo\lzo1z.h">
      <Filter>inc\lzo</Filter>
    </ClInclude>
    <ClInclude Include="..\..\..\3rdparty\lzo-2.10\include\lzo\lzo2a.h">
      <Filter>inc\lzo</Filter>
    </ClInclude>
    <ClInclude Include="..\..\..\3rdparty\lzo-2.10\include\lzo\lzoconf.h">
      <Filter>inc\lzo</Filter>
    </ClInclude>
    <ClInclude Include="..\..\..\3rdparty\lzo-2.10\include\lzo\lzodefs.h">
      <Filter>inc\lzo</Filter>
    </ClInclude>
    <ClInclude Include="..\..\..\3rdparty\lzo-2.10\include\lzo\lzoutil.h">
      <Filter>inc\lzo</Filter>
    </ClInclude>
    <ClInclude Include="inc\acfsmbheader.h">
      <Filter>inc</Filter>
    </ClInclude>
    <ClInclude Include="inc\acfscmprheader.h">
      <Filter>inc</Filter>
    </ClInclude>
    <ClInclude Include="inc\acfsfstream.h">
      <Filter>inc</Filter>
    </ClInclude>
    <ClInclude Include="inc\acfsnode.h">
      <Filter>inc</Filter>
    </ClInclude>
  </ItemGroup>
  <ItemGroup>
    <ClCompile Include="src\dbobji.cpp">
      <Filter>src</Filter>
    </ClCompile>
    <ClCompile Include="src\dbsymreci.cpp">
      <Filter>src</Filter>
    </ClCompile>
    <ClCompile Include="src\dbdb.cpp">
      <Filter>src</Filter>
    </ClCompile>
    <ClCompile Include="src\dbdbi.cpp">
      <Filter>src</Filter>
    </ClCompile>
    <ClCompile Include="src\dblocki.cpp">
      <Filter>src</Filter>
    </ClCompile>
    <ClCompile Include="src\dbHandleTable.cpp">
      <Filter>src</Filter>
    </ClCompile>
    <ClCompile Include="src\dbSysInternals.cpp">
      <Filter>src</Filter>
    </ClCompile>
    <ClCompile Include="src\dbheader.cpp">
      <Filter>src</Filter>
    </ClCompile>
    <ClCompile Include="src\dbobj.cpp">
      <Filter>src</Filter>
    </ClCompile>
    <ClCompile Include="src\dbstub.cpp">
      <Filter>src</Filter>
    </ClCompile>
    <ClCompile Include="src\dbcolor.cpp">
      <Filter>src</Filter>
    </ClCompile>
    <ClCompile Include="src\acutmem.cpp">
      <Filter>src</Filter>
    </ClCompile>
    <ClCompile Include="src\dbid.cpp">
      <Filter>src</Filter>
    </ClCompile>
    <ClCompile Include="src\dwgFileInt.cpp">
      <Filter>src</Filter>
    </ClCompile>
    <ClCompile Include="src\dwgFileImpBase.cpp">
      <Filter>src</Filter>
    </ClCompile>
    <ClCompile Include="src\dbOpenSaveGlobal.cpp">
      <Filter>src</Filter>
    </ClCompile>
    <ClCompile Include="src\dbutil.cpp">
      <Filter>src</Filter>
    </ClCompile>
    <ClCompile Include="src\dbapservi.cpp">
      <Filter>src</Filter>
    </ClCompile>
    <ClCompile Include="src\dbGlobals.cpp">
      <Filter>src</Filter>
    </ClCompile>
    <ClCompile Include="src\dwgFileInti.cpp">
      <Filter>src</Filter>
    </ClCompile>
    <ClCompile Include="src\dwgFileIntAcFs.cpp">
      <Filter>src</Filter>
    </ClCompile>
    <ClCompile Include="src\acfsi.cpp">
      <Filter>src</Filter>
    </ClCompile>
    <ClCompile Include="src\acfs6.cpp">
      <Filter>src</Filter>
    </ClCompile>
    <ClCompile Include="src\acfsglobal.cpp">
      <Filter>src</Filter>
    </ClCompile>
    <ClCompile Include="src\acfsmheader.cpp">
      <Filter>src</Filter>
    </ClCompile>
    <ClCompile Include="src\acfsfheader.cpp">
      <Filter>src</Filter>
    </ClCompile>
    <ClCompile Include="src\dbfastfiler.cpp">
      <Filter>src</Filter>
    </ClCompile>
    <ClCompile Include="src\dbfiler.cpp">
      <Filter>src</Filter>
    </ClCompile>
    <ClCompile Include="src\dbfilerctrl.cpp">
      <Filter>src</Filter>
    </ClCompile>
    <ClCompile Include="src\acfsheap.cpp">
      <Filter>src</Filter>
    </ClCompile>
    <ClCompile Include="src\acfsglobalmem.cpp">
      <Filter>src</Filter>
    </ClCompile>
    <ClCompile Include="src\acfsistream.cpp">
      <Filter>src</Filter>
    </ClCompile>
    <ClCompile Include="src\acfsfstream.cpp">
      <Filter>src</Filter>
    </ClCompile>
  </ItemGroup>
  <ItemGroup>
    <None Include="acdb.def" />
    <None Include="acdb_x64.def" />
  </ItemGroup>
</Project>