<?xml version="1.0" encoding="utf-8"?>
<Project ToolsVersion="4.0" xmlns="http://schemas.microsoft.com/developer/msbuild/2003">
  <ItemGroup>
    <Filter Include="inc">
      <UniqueIdentifier>{61663de4-3989-4fd8-8c71-63ce6c7e57e4}</UniqueIdentifier>
    </Filter>
    <Filter Include="src">
      <UniqueIdentifier>{a5b9ba83-7d6e-4943-a1ec-fd4356e370b7}</UniqueIdentifier>
    </Filter>
  </ItemGroup>
  <ItemGroup>
    <ClCompile Include="src\main.cpp">
      <Filter>src</Filter>
    </ClCompile>
    <ClCompile Include="AcMemoryPoolTest.cpp">
      <Filter>src</Filter>
    </ClCompile>
    <ClCompile Include="AcDatabaseTest.cpp">
      <Filter>src</Filter>
    </ClCompile>
  </ItemGroup>
</Project>